
Microsoft Visual Studio Solution File, Format Version 12.00
# Visual Studio Version 16
VisualStudioVersion = 16.0.809.3
MinimumVisualStudioVersion = 10.0.40219.1
Project("{FAE04EC0-301F-11D3-BF4B-00C04F79EFBC}") = "TLSolutions", "TLSolutions\TLSolutions.csproj", "{5E90E970-C24D-4262-B512-FFA4C616A5B4}"
EndProject
Project("{FAE04EC0-301F-11D3-BF4B-00C04F79EFBC}") = "TLSolutions.Data", "TLSolutions.Data\TLSolutions.Data.csproj", "{00F002B4-65D0-4A90-9FB2-E34BA784423A}"
EndProject
Project("{FAE04EC0-301F-11D3-BF4B-00C04F79EFBC}") = "TLSolutions.Entities", "TLSolutions.Entities\TLSolutions.Entities.csproj", "{F0D4C626-A309-47D1-96BE-26841FD63937}"
EndProject
Global
	GlobalSection(SolutionConfigurationPlatforms) = preSolution
		Debug|Any CPU = Debug|Any CPU
		Release|Any CPU = Release|Any CPU
	EndGlobalSection
	GlobalSection(ProjectConfigurationPlatforms) = postSolution
		{5E90E970-C24D-4262-B512-FFA4C616A5B4}.Debug|Any CPU.ActiveCfg = Debug|Any CPU
		{5E90E970-C24D-4262-B512-FFA4C616A5B4}.Debug|Any CPU.Build.0 = Debug|Any CPU
		{5E90E970-C24D-4262-B512-FFA4C616A5B4}.Release|Any CPU.ActiveCfg = Release|Any CPU
		{5E90E970-C24D-4262-B512-FFA4C616A5B4}.Release|Any CPU.Build.0 = Release|Any CPU
		{00F002B4-65D0-4A90-9FB2-E34BA784423A}.Debug|Any CPU.ActiveCfg = Debug|Any CPU
		{00F002B4-65D0-4A90-9FB2-E34BA784423A}.Debug|Any CPU.Build.0 = Debug|Any CPU
		{00F002B4-65D0-4A90-9FB2-E34BA784423A}.Release|Any CPU.ActiveCfg = Release|Any CPU
		{00F002B4-65D0-4A90-9FB2-E34BA784423A}.Release|Any CPU.Build.0 = Release|Any CPU
		{F0D4C626-A309-47D1-96BE-26841FD63937}.Debug|Any CPU.ActiveCfg = Debug|Any CPU
		{F0D4C626-A309-47D1-96BE-26841FD63937}.Debug|Any CPU.Build.0 = Debug|Any CPU
		{F0D4C626-A309-47D1-96BE-26841FD63937}.Release|Any CPU.ActiveCfg = Release|Any CPU
		{F0D4C626-A309-47D1-96BE-26841FD63937}.Release|Any CPU.Build.0 = Release|Any CPU
	EndGlobalSection
	GlobalSection(SolutionProperties) = preSolution
		HideSolutionNode = FALSE
	EndGlobalSection
	GlobalSection(ExtensibilityGlobals) = postSolution
		SolutionGuid = {5060A288-165B-4FFE-9A09-A00A2D701A5C}
	EndGlobalSection
EndGlobal
